
Microsoft Visual Studio Solution File, Format Version 12.00
# Visual Studio Version 17
VisualStudioVersion = 17.13.35828.75
MinimumVisualStudioVersion = 10.0.40219.1
Project("{2150E333-8FDC-42A3-9474-1A3956D46DE8}") = "src", "src", "{02EA681E-C7D8-13C7-8484-4AC65E1B71E8}"
EndProject
Project("{FAE04EC0-301F-11D3-BF4B-00C04F79EFBC}") = "Clientes.Domain", "Clientes.Domain\Clientes.Domain.csproj", "{D66883E6-F3EB-4F9D-8943-A733AA429ACB}"
EndProject
Project("{2150E333-8FDC-42A3-9474-1A3956D46DE8}") = "01. Domain", "01. Domain", "{61EB69B6-4654-49D6-AA1A-BC1FEAC06836}"
EndProject
Project("{2150E333-8FDC-42A3-9474-1A3956D46DE8}") = "Infraestructure", "Infraestructure", "{E23E8BE7-9BF6-49A3-B1E5-1C3B1E07245B}"
EndProject
Project("{2150E333-8FDC-42A3-9474-1A3956D46DE8}") = "02. Application", "02. Application", "{86CABAF4-6D20-48A4-AA2A-D5431FF3FAD7}"
EndProject
Project("{2150E333-8FDC-42A3-9474-1A3956D46DE8}") = "API", "API", "{CAF67938-1958-4A27-B24A-B17CEB87C3D7}"
EndProject
Project("{FAE04EC0-301F-11D3-BF4B-00C04F79EFBC}") = "Clientes.Application", "Clientes.Application\Clientes.Application.csproj", "{7949DD11-E0FC-4A1D-A53F-F45C7175434B}"
EndProject
Global
	GlobalSection(SolutionConfigurationPlatforms) = preSolution
		Debug|Any CPU = Debug|Any CPU
		Release|Any CPU = Release|Any CPU
	EndGlobalSection
	GlobalSection(ProjectConfigurationPlatforms) = postSolution
		{D66883E6-F3EB-4F9D-8943-A733AA429ACB}.Debug|Any CPU.ActiveCfg = Debug|Any CPU
		{D66883E6-F3EB-4F9D-8943-A733AA429ACB}.Debug|Any CPU.Build.0 = Debug|Any CPU
		{D66883E6-F3EB-4F9D-8943-A733AA429ACB}.Release|Any CPU.ActiveCfg = Release|Any CPU
		{D66883E6-F3EB-4F9D-8943-A733AA429ACB}.Release|Any CPU.Build.0 = Release|Any CPU
		{7949DD11-E0FC-4A1D-A53F-F45C7175434B}.Debug|Any CPU.ActiveCfg = Debug|Any CPU
		{7949DD11-E0FC-4A1D-A53F-F45C7175434B}.Debug|Any CPU.Build.0 = Debug|Any CPU
		{7949DD11-E0FC-4A1D-A53F-F45C7175434B}.Release|Any CPU.ActiveCfg = Release|Any CPU
		{7949DD11-E0FC-4A1D-A53F-F45C7175434B}.Release|Any CPU.Build.0 = Release|Any CPU
	EndGlobalSection
	GlobalSection(SolutionProperties) = preSolution
		HideSolutionNode = FALSE
	EndGlobalSection
	GlobalSection(NestedProjects) = preSolution
		{D66883E6-F3EB-4F9D-8943-A733AA429ACB} = {61EB69B6-4654-49D6-AA1A-BC1FEAC06836}
		{61EB69B6-4654-49D6-AA1A-BC1FEAC06836} = {02EA681E-C7D8-13C7-8484-4AC65E1B71E8}
		{E23E8BE7-9BF6-49A3-B1E5-1C3B1E07245B} = {02EA681E-C7D8-13C7-8484-4AC65E1B71E8}
		{86CABAF4-6D20-48A4-AA2A-D5431FF3FAD7} = {02EA681E-C7D8-13C7-8484-4AC65E1B71E8}
		{CAF67938-1958-4A27-B24A-B17CEB87C3D7} = {02EA681E-C7D8-13C7-8484-4AC65E1B71E8}
		{7949DD11-E0FC-4A1D-A53F-F45C7175434B} = {86CABAF4-6D20-48A4-AA2A-D5431FF3FAD7}
	EndGlobalSection
	GlobalSection(ExtensibilityGlobals) = postSolution
		SolutionGuid = {29C276AB-39E0-4481-85D6-12CD73E76BFF}
	EndGlobalSection
EndGlobal
